{
    "version": 3,
    "terraform_version": "0.11.3",
    "serial": 39,
    "lineage": "ec249600-1fd8-437f-9203-81660a7cff38",
    "modules": [
        {
            "path": [
                "root"
            ],
            "outputs": {},
            "resources": {
                "aws_autoscaling_group.rancher-compute-asg": {
                    "type": "aws_autoscaling_group",
                    "depends_on": [
                        "aws_launch_configuration.rancher-compute",
                        "data.aws_subnet_ids.vpc"
                    ],
                    "primary": {
                        "id": "Rancher-compute-asg",
                        "attributes": {
                            "arn": "arn:aws:autoscaling:us-east-1:230367374156:autoScalingGroup:b8367708-9eed-4909-b23d-8ddeb3ea5997:autoScalingGroupName/Rancher-compute-asg",
                            "availability_zones.#": "4",
                            "availability_zones.1305112097": "us-east-1b",
                            "availability_zones.3551460226": "us-east-1e",
                            "availability_zones.3569565595": "us-east-1a",
                            "availability_zones.986537655": "us-east-1c",
                            "default_cooldown": "300",
                            "desired_capacity": "2",
                            "force_delete": "false",
                            "health_check_grace_period": "300",
                            "health_check_type": "EC2",
                            "id": "Rancher-compute-asg",
                            "launch_configuration": "Rancher-compute-LC",
                            "load_balancers.#": "0",
                            "max_size": "4",
                            "metrics_granularity": "1Minute",
                            "min_size": "2",
                            "name": "Rancher-compute-asg",
                            "placement_group": "",
                            "protect_from_scale_in": "false",
                            "suspended_processes.#": "0",
                            "tag.#": "1",
                            "tag.1335815707.key": "Name",
                            "tag.1335815707.propagate_at_launch": "true",
                            "tag.1335815707.value": "Rancher-Compute",
                            "target_group_arns.#": "0",
                            "termination_policies.#": "0",
                            "vpc_zone_identifier.#": "4",
                            "vpc_zone_identifier.1794400965": "subnet-fb09988c",
                            "vpc_zone_identifier.2390321837": "subnet-0c0d7436",
                            "vpc_zone_identifier.763166470": "subnet-925cedcb",
                            "vpc_zone_identifier.813202686": "subnet-c433ecef",
                            "wait_for_capacity_timeout": "10m"
                        },
                        "meta": {
                            "e2bfb730-ecaa-11e6-8f88-34363bc7c4c0": {
                                "delete": 600000000000
                            }
                        },
                        "tainted": false
                    },
                    "deposed": [],
                    "provider": "provider.aws"
                },
                "aws_autoscaling_group.rancher-ecs-asg": {
                    "type": "aws_autoscaling_group",
                    "depends_on": [
                        "aws_elb.Rancher-ECS-LB",
                        "aws_launch_configuration.rancher-ecs-ha",
                        "data.aws_subnet_ids.vpc"
                    ],
                    "primary": {
                        "id": "rancher-ecs-asg",
                        "attributes": {
                            "arn": "arn:aws:autoscaling:us-east-1:230367374156:autoScalingGroup:507503fa-f3a6-4611-8a8f-aa23bd392af5:autoScalingGroupName/rancher-ecs-asg",
                            "availability_zones.#": "4",
                            "availability_zones.1305112097": "us-east-1b",
                            "availability_zones.3551460226": "us-east-1e",
                            "availability_zones.3569565595": "us-east-1a",
                            "availability_zones.986537655": "us-east-1c",
                            "default_cooldown": "300",
                            "desired_capacity": "2",
                            "force_delete": "false",
                            "health_check_grace_period": "300",
                            "health_check_type": "EC2",
                            "id": "rancher-ecs-asg",
                            "launch_configuration": "Rancher-ECS-HA-LC",
                            "load_balancers.#": "1",
                            "load_balancers.901814481": "Rancher-ECS-LB",
                            "max_size": "4",
                            "metrics_granularity": "1Minute",
                            "min_size": "2",
                            "name": "rancher-ecs-asg",
                            "placement_group": "",
                            "protect_from_scale_in": "false",
                            "suspended_processes.#": "0",
                            "tag.#": "1",
                            "tag.806141402.key": "Name",
                            "tag.806141402.propagate_at_launch": "true",
                            "tag.806141402.value": "Rancher-ECS-APP",
                            "target_group_arns.#": "0",
                            "termination_policies.#": "0",
                            "vpc_zone_identifier.#": "4",
                            "vpc_zone_identifier.1794400965": "subnet-fb09988c",
                            "vpc_zone_identifier.2390321837": "subnet-0c0d7436",
                            "vpc_zone_identifier.763166470": "subnet-925cedcb",
                            "vpc_zone_identifier.813202686": "subnet-c433ecef",
                            "wait_for_capacity_timeout": "10m"
                        },
                        "meta": {
                            "e2bfb730-ecaa-11e6-8f88-34363bc7c4c0": {
                                "delete": 600000000000
                            }
                        },
                        "tainted": false
                    },
                    "deposed": [],
                    "provider": "provider.aws"
                },
                "aws_autoscaling_group.rancher-etcd-asg": {
                    "type": "aws_autoscaling_group",
                    "depends_on": [
                        "aws_launch_configuration.rancher-etcd",
                        "data.aws_subnet_ids.vpc"
                    ],
                    "primary": {
                        "id": "Rancher-etcd-asg",
                        "attributes": {
                            "arn": "arn:aws:autoscaling:us-east-1:230367374156:autoScalingGroup:ece4a567-0cf4-4541-b582-b9892b765f92:autoScalingGroupName/Rancher-etcd-asg",
                            "availability_zones.#": "4",
                            "availability_zones.1305112097": "us-east-1b",
                            "availability_zones.3551460226": "us-east-1e",
                            "availability_zones.3569565595": "us-east-1a",
                            "availability_zones.986537655": "us-east-1c",
                            "default_cooldown": "300",
                            "desired_capacity": "3",
                            "force_delete": "false",
                            "health_check_grace_period": "300",
                            "health_check_type": "EC2",
                            "id": "Rancher-etcd-asg",
                            "launch_configuration": "Rancher-etcd-LC",
                            "load_balancers.#": "0",
                            "max_size": "4",
                            "metrics_granularity": "1Minute",
                            "min_size": "3",
                            "name": "Rancher-etcd-asg",
                            "placement_group": "",
                            "protect_from_scale_in": "false",
                            "suspended_processes.#": "0",
                            "tag.#": "1",
                            "tag.3573846217.key": "Name",
                            "tag.3573846217.propagate_at_launch": "true",
                            "tag.3573846217.value": "Rancher-etcd",
                            "target_group_arns.#": "0",
                            "termination_policies.#": "0",
                            "vpc_zone_identifier.#": "4",
                            "vpc_zone_identifier.1794400965": "subnet-fb09988c",
                            "vpc_zone_identifier.2390321837": "subnet-0c0d7436",
                            "vpc_zone_identifier.763166470": "subnet-925cedcb",
                            "vpc_zone_identifier.813202686": "subnet-c433ecef",
                            "wait_for_capacity_timeout": "10m"
                        },
                        "meta": {
                            "e2bfb730-ecaa-11e6-8f88-34363bc7c4c0": {
                                "delete": 600000000000
                            }
                        },
                        "tainted": false
                    },
                    "deposed": [],
                    "provider": "provider.aws"
                },
                "aws_autoscaling_group.rancher-orchestration-asg": {
                    "type": "aws_autoscaling_group",
                    "depends_on": [
                        "aws_launch_configuration.rancher-orchestration",
                        "data.aws_subnet_ids.vpc"
                    ],
                    "primary": {
                        "id": "Rancher-orchestration-asg",
                        "attributes": {
                            "arn": "arn:aws:autoscaling:us-east-1:230367374156:autoScalingGroup:4d71b020-1910-4102-8d7d-2b949e4032b3:autoScalingGroupName/Rancher-orchestration-asg",
                            "availability_zones.#": "4",
                            "availability_zones.1305112097": "us-east-1b",
                            "availability_zones.3551460226": "us-east-1e",
                            "availability_zones.3569565595": "us-east-1a",
                            "availability_zones.986537655": "us-east-1c",
                            "default_cooldown": "300",
                            "desired_capacity": "2",
                            "force_delete": "false",
                            "health_check_grace_period": "300",
                            "health_check_type": "EC2",
                            "id": "Rancher-orchestration-asg",
                            "launch_configuration": "Rancher-orchestration-LC",
                            "load_balancers.#": "0",
                            "max_size": "4",
                            "metrics_granularity": "1Minute",
                            "min_size": "2",
                            "name": "Rancher-orchestration-asg",
                            "placement_group": "",
                            "protect_from_scale_in": "false",
                            "suspended_processes.#": "0",
                            "tag.#": "1",
                            "tag.424839348.key": "Name",
                            "tag.424839348.propagate_at_launch": "true",
                            "tag.424839348.value": "rancher-orchestration",
                            "target_group_arns.#": "0",
                            "termination_policies.#": "0",
                            "vpc_zone_identifier.#": "4",
                            "vpc_zone_identifier.1794400965": "subnet-fb09988c",
                            "vpc_zone_identifier.2390321837": "subnet-0c0d7436",
                            "vpc_zone_identifier.763166470": "subnet-925cedcb",
                            "vpc_zone_identifier.813202686": "subnet-c433ecef",
                            "wait_for_capacity_timeout": "10m"
                        },
                        "meta": {
                            "e2bfb730-ecaa-11e6-8f88-34363bc7c4c0": {
                                "delete": 600000000000
                            }
                        },
                        "tainted": false
                    },
                    "deposed": [],
                    "provider": "provider.aws"
                },
                "aws_ecs_cluster.rancher-ecs": {
                    "type": "aws_ecs_cluster",
                    "depends_on": [],
                    "primary": {
                        "id": "arn:aws:ecs:us-east-1:230367374156:cluster/Rancher-ECS-HA",
                        "attributes": {
                            "arn": "arn:aws:ecs:us-east-1:230367374156:cluster/Rancher-ECS-HA",
                            "id": "arn:aws:ecs:us-east-1:230367374156:cluster/Rancher-ECS-HA",
                            "name": "Rancher-ECS-HA"
                        },
                        "meta": {},
                        "tainted": false
                    },
                    "deposed": [],
                    "provider": "provider.aws"
                },
                "aws_ecs_service.rancher-svc": {
                    "type": "aws_ecs_service",
                    "depends_on": [
                        "aws_ecs_task_definition.rancher-td",
                        "aws_elb.Rancher-ECS-LB"
                    ],
                    "primary": {
                        "id": "arn:aws:ecs:us-east-1:230367374156:service/rancher-svc",
                        "attributes": {
                            "cluster": "Rancher-ECS-HA",
                            "deployment_maximum_percent": "200",
                            "deployment_minimum_healthy_percent": "100",
                            "desired_count": "1",
                            "health_check_grace_period_seconds": "0",
                            "iam_role": "arn:aws:iam::230367374156:role/ecs-service-role",
                            "id": "arn:aws:ecs:us-east-1:230367374156:service/rancher-svc",
                            "launch_type": "EC2",
                            "load_balancer.#": "1",
                            "load_balancer.3932602247.container_name": "rancher",
                            "load_balancer.3932602247.container_port": "8080",
                            "load_balancer.3932602247.elb_name": "Rancher-ECS-LB",
                            "load_balancer.3932602247.target_group_arn": "",
                            "name": "rancher-svc",
                            "network_configuration.#": "0",
                            "placement_constraints.#": "0",
                            "placement_strategy.#": "0",
                            "task_definition": "arn:aws:ecs:us-east-1:230367374156:task-definition/rancher-ecs-ha-td:9"
                        },
                        "meta": {},
                        "tainted": false
                    },
                    "deposed": [],
                    "provider": "provider.aws"
                },
                "aws_ecs_task_definition.rancher-td": {
                    "type": "aws_ecs_task_definition",
                    "depends_on": [
                        "aws_autoscaling_group.rancher-ecs-asg"
                    ],
                    "primary": {
                        "id": "rancher-ecs-ha-td",
                        "attributes": {
                            "arn": "arn:aws:ecs:us-east-1:230367374156:task-definition/rancher-ecs-ha-td:9",
                            "container_definitions": "[{\"command\":[\"--db-host\",\"rancher-rds.mediaiqdigital.com\",\"--db-port\",\"3306\",\"--db-user\",\"k8s-rancher\",\"--db-pass\",\"mediaiqdevops\",\"--db-name\",\"rancher010614\"],\"cpu\":0,\"entryPoint\":[],\"environment\":[],\"essential\":true,\"image\":\"230367374156.dkr.ecr.us-east-1.amazonaws.com/miqp-devops:rancherv1615\",\"memoryReservation\":512,\"mountPoints\":[],\"name\":\"rancher\",\"portMappings\":[{\"containerPort\":8080,\"hostPort\":80,\"protocol\":\"tcp\"}],\"volumesFrom\":[]}]",
                            "cpu": "",
                            "execution_role_arn": "",
                            "family": "rancher-ecs-ha-td",
                            "id": "rancher-ecs-ha-td",
                            "memory": "",
                            "network_mode": "",
                            "placement_constraints.#": "0",
                            "requires_compatibilities.#": "0",
                            "revision": "9",
                            "task_role_arn": ""
                        },
                        "meta": {
                            "schema_version": "1"
                        },
                        "tainted": false
                    },
                    "deposed": [],
                    "provider": "provider.aws"
                },
                "aws_elb.Rancher-ECS-LB": {
                    "type": "aws_elb",
                    "depends_on": [
                        "aws_ecs_cluster.rancher-ecs",
                        "data.aws_subnet_ids.vpc"
                    ],
                    "primary": {
                        "id": "Rancher-ECS-LB",
                        "attributes": {
                            "access_logs.#": "0",
                            "arn": "arn:aws:elasticloadbalancing:us-east-1:230367374156:loadbalancer/Rancher-ECS-LB",
                            "availability_zones.#": "4",
                            "availability_zones.1305112097": "us-east-1b",
                            "availability_zones.3551460226": "us-east-1e",
                            "availability_zones.3569565595": "us-east-1a",
                            "availability_zones.986537655": "us-east-1c",
                            "connection_draining": "false",
                            "connection_draining_timeout": "300",
                            "cross_zone_load_balancing": "true",
                            "dns_name": "Rancher-ECS-LB-1889177236.us-east-1.elb.amazonaws.com",
                            "health_check.#": "1",
                            "health_check.0.healthy_threshold": "10",
                            "health_check.0.interval": "30",
                            "health_check.0.target": "TCP:80",
                            "health_check.0.timeout": "5",
                            "health_check.0.unhealthy_threshold": "2",
                            "id": "Rancher-ECS-LB",
                            "idle_timeout": "60",
                            "instances.#": "0",
                            "internal": "false",
                            "listener.#": "2",
                            "listener.2974294026.instance_port": "80",
                            "listener.2974294026.instance_protocol": "tcp",
                            "listener.2974294026.lb_port": "80",
                            "listener.2974294026.lb_protocol": "tcp",
                            "listener.2974294026.ssl_certificate_id": "",
                            "listener.3462004279.instance_port": "80",
                            "listener.3462004279.instance_protocol": "tcp",
                            "listener.3462004279.lb_port": "443",
                            "listener.3462004279.lb_protocol": "ssl",
                            "listener.3462004279.ssl_certificate_id": "arn:aws:acm:us-east-1:230367374156:certificate/d001145a-b5fd-455d-b76c-dafcc79be381",
                            "name": "Rancher-ECS-LB",
                            "security_groups.#": "1",
                            "security_groups.212280207": "sg-cec3e6bc",
                            "source_security_group": "230367374156/rancher-machine",
                            "source_security_group_id": "sg-cec3e6bc",
                            "subnets.#": "4",
                            "subnets.1794400965": "subnet-fb09988c",
                            "subnets.2390321837": "subnet-0c0d7436",
                            "subnets.763166470": "subnet-925cedcb",
                            "subnets.813202686": "subnet-c433ecef",
                            "tags.%": "0",
                            "zone_id": "Z35SXDOTRQ7X7K"
                        },
                        "meta": {},
                        "tainted": false
                    },
                    "deposed": [],
                    "provider": "provider.aws"
                },
                "aws_launch_configuration.rancher-compute": {
                    "type": "aws_launch_configuration",
                    "depends_on": [
                        "aws_launch_configuration.rancher-orchestration"
                    ],
                    "primary": {
                        "id": "Rancher-compute-LC",
                        "attributes": {
                            "associate_public_ip_address": "true",
                            "ebs_block_device.#": "0",
                            "ebs_optimized": "false",
                            "enable_monitoring": "true",
                            "ephemeral_block_device.#": "0",
                            "iam_instance_profile": "EC2-Dummy-Role",
                            "id": "Rancher-compute-LC",
                            "image_id": "ami-da05a4a0",
                            "instance_type": "t2.xlarge",
                            "key_name": "devops-miq",
                            "name": "Rancher-compute-LC",
                            "root_block_device.#": "0",
                            "security_groups.#": "1",
                            "security_groups.212280207": "sg-cec3e6bc",
                            "spot_price": "",
                            "user_data": "480fc226d243cf23c11775261f63a94bddb48702",
                            "vpc_classic_link_id": "",
                            "vpc_classic_link_security_groups.#": "0"
                        },
                        "meta": {},
                        "tainted": false
                    },
                    "deposed": [],
                    "provider": "provider.aws"
                },
                "aws_launch_configuration.rancher-ecs-ha": {
                    "type": "aws_launch_configuration",
                    "depends_on": [
                        "aws_elb.Rancher-ECS-LB"
                    ],
                    "primary": {
                        "id": "Rancher-ECS-HA-LC",
                        "attributes": {
                            "associate_public_ip_address": "true",
                            "ebs_block_device.#": "0",
                            "ebs_optimized": "false",
                            "enable_monitoring": "true",
                            "ephemeral_block_device.#": "0",
                            "iam_instance_profile": "EC2-Dummy-Role",
                            "id": "Rancher-ECS-HA-LC",
                            "image_id": "ami-88d136f5",
                            "instance_type": "t2.micro",
                            "key_name": "devops-miq",
                            "name": "Rancher-ECS-HA-LC",
                            "root_block_device.#": "0",
                            "security_groups.#": "1",
                            "security_groups.212280207": "sg-cec3e6bc",
                            "spot_price": "",
                            "user_data": "79201014377f7f1ceda7d1b3e1d19c220916886a",
                            "vpc_classic_link_id": "",
                            "vpc_classic_link_security_groups.#": "0"
                        },
                        "meta": {},
                        "tainted": false
                    },
                    "deposed": [],
                    "provider": "provider.aws"
                },
                "aws_launch_configuration.rancher-etcd": {
                    "type": "aws_launch_configuration",
                    "depends_on": [
                        "null_resource.rancher-userdata"
                    ],
                    "primary": {
                        "id": "Rancher-etcd-LC",
                        "attributes": {
                            "associate_public_ip_address": "true",
                            "ebs_block_device.#": "0",
                            "ebs_optimized": "false",
                            "enable_monitoring": "true",
                            "ephemeral_block_device.#": "0",
                            "iam_instance_profile": "EC2-Dummy-Role",
                            "id": "Rancher-etcd-LC",
                            "image_id": "ami-da05a4a0",
                            "instance_type": "t2.small",
                            "key_name": "devops-miq",
                            "name": "Rancher-etcd-LC",
                            "root_block_device.#": "0",
                            "security_groups.#": "1",
                            "security_groups.212280207": "sg-cec3e6bc",
                            "spot_price": "",
                            "user_data": "d75c103282b6cc065b7067ac47d137dd5337a3f0",
                            "vpc_classic_link_id": "",
                            "vpc_classic_link_security_groups.#": "0"
                        },
                        "meta": {},
                        "tainted": false
                    },
                    "deposed": [],
                    "provider": "provider.aws"
                },
                "aws_launch_configuration.rancher-orchestration": {
                    "type": "aws_launch_configuration",
                    "depends_on": [
                        "aws_launch_configuration.rancher-etcd"
                    ],
                    "primary": {
                        "id": "Rancher-orchestration-LC",
                        "attributes": {
                            "associate_public_ip_address": "true",
                            "ebs_block_device.#": "0",
                            "ebs_optimized": "false",
                            "enable_monitoring": "true",
                            "ephemeral_block_device.#": "0",
                            "iam_instance_profile": "EC2-Dummy-Role",
                            "id": "Rancher-orchestration-LC",
                            "image_id": "ami-da05a4a0",
                            "instance_type": "t2.small",
                            "key_name": "devops-miq",
                            "name": "Rancher-orchestration-LC",
                            "root_block_device.#": "0",
                            "security_groups.#": "1",
                            "security_groups.212280207": "sg-cec3e6bc",
                            "spot_price": "",
                            "user_data": "869a207d9fb36d910299e714683b50e49413bb3c",
                            "vpc_classic_link_id": "",
                            "vpc_classic_link_security_groups.#": "0"
                        },
                        "meta": {},
                        "tainted": false
                    },
                    "deposed": [],
                    "provider": "provider.aws"
                },
                "aws_proxy_protocol_policy.websockets": {
                    "type": "aws_proxy_protocol_policy",
                    "depends_on": [
                        "aws_elb.Rancher-ECS-LB"
                    ],
                    "primary": {
                        "id": "Rancher-ECS-LB:TFEnableProxyProtocol",
                        "attributes": {
                            "id": "Rancher-ECS-LB:TFEnableProxyProtocol",
                            "instance_ports.#": "1",
                            "instance_ports.1889509032": "80",
                            "load_balancer": "Rancher-ECS-LB"
                        },
                        "meta": {},
                        "tainted": false
                    },
                    "deposed": [],
                    "provider": "provider.aws"
                },
                "aws_route53_record.rancher-endpoint": {
                    "type": "aws_route53_record",
                    "depends_on": [
                        "aws_elb.Rancher-ECS-LB"
                    ],
                    "primary": {
                        "id": "Z319QN2AZFYKW7_rancher010614_CNAME",
                        "attributes": {
                            "fqdn": "rancher010614.mediaiqdigital.com",
                            "health_check_id": "",
                            "id": "Z319QN2AZFYKW7_rancher010614_CNAME",
                            "name": "rancher010614",
                            "records.#": "1",
                            "records.399361570": "Rancher-ECS-LB-1889177236.us-east-1.elb.amazonaws.com",
                            "set_identifier": "",
                            "ttl": "300",
                            "type": "CNAME",
                            "zone_id": "Z319QN2AZFYKW7"
                        },
                        "meta": {
                            "schema_version": "2"
                        },
                        "tainted": false
                    },
                    "deposed": [],
                    "provider": "provider.aws"
                },
                "data.aws_availability_zones.allzones": {
                    "type": "aws_availability_zones",
                    "depends_on": [],
                    "primary": {
                        "id": "2018-02-26 08:57:58.51096819 +0000 UTC",
                        "attributes": {
                            "id": "2018-02-26 08:57:58.51096819 +0000 UTC",
                            "names.#": "6",
                            "names.0": "us-east-1a",
                            "names.1": "us-east-1b",
                            "names.2": "us-east-1c",
                            "names.3": "us-east-1d",
                            "names.4": "us-east-1e",
                            "names.5": "us-east-1f"
                        },
                        "meta": {},
                        "tainted": false
                    },
                    "deposed": [],
                    "provider": "provider.aws"
                },
                "data.aws_subnet_ids.vpc": {
                    "type": "aws_subnet_ids",
                    "depends_on": [],
                    "primary": {
                        "id": "vpc-1499e871",
                        "attributes": {
                            "id": "vpc-1499e871",
                            "ids.#": "4",
                            "ids.1794400965": "subnet-fb09988c",
                            "ids.2390321837": "subnet-0c0d7436",
                            "ids.763166470": "subnet-925cedcb",
                            "ids.813202686": "subnet-c433ecef",
                            "vpc_id": "vpc-1499e871"
                        },
                        "meta": {},
                        "tainted": false
                    },
                    "deposed": [],
                    "provider": "provider.aws"
                },
                "null_resource.rancher-userdata": {
                    "type": "null_resource",
                    "depends_on": [
                        "aws_ecs_service.rancher-svc"
                    ],
                    "primary": {
                        "id": "7348257340842499617",
                        "attributes": {
                            "id": "7348257340842499617"
                        },
                        "meta": {},
                        "tainted": false
                    },
                    "deposed": [],
                    "provider": "provider.null"
                }
            },
            "depends_on": []
        }
    ]
}
